
Microsoft Visual Studio Solution File, Format Version 12.00
# Visual Studio 2013
VisualStudioVersion = 12.0.40629.0
MinimumVisualStudioVersion = 10.0.40219.1
Project("{FAE04EC0-301F-11D3-BF4B-00C04F79EFBC}") = "GraphQL", "GraphQL\GraphQL.csproj", "{20331FB0-BC3C-408F-AE58-55C088A0218B}"
EndProject
Project("{FAE04EC0-301F-11D3-BF4B-00C04F79EFBC}") = "GraphQL.Tests", "GraphQL.Tests\GraphQL.Tests.csproj", "{D686E1EE-A87C-4A71-A4FD-0AD9D7316C7A}"
EndProject
Global
	GlobalSection(SolutionConfigurationPlatforms) = preSolution
		Debug|Any CPU = Debug|Any CPU
		Release|Any CPU = Release|Any CPU
	EndGlobalSection
	GlobalSection(ProjectConfigurationPlatforms) = postSolution
		{20331FB0-BC3C-408F-AE58-55C088A0218B}.Debug|Any CPU.ActiveCfg = Debug|Any CPU
		{20331FB0-BC3C-408F-AE58-55C088A0218B}.Debug|Any CPU.Build.0 = Debug|Any CPU
		{20331FB0-BC3C-408F-AE58-55C088A0218B}.Release|Any CPU.ActiveCfg = Release|Any CPU
		{20331FB0-BC3C-408F-AE58-55C088A0218B}.Release|Any CPU.Build.0 = Release|Any CPU
		{D686E1EE-A87C-4A71-A4FD-0AD9D7316C7A}.Debug|Any CPU.ActiveCfg = Debug|Any CPU
		{D686E1EE-A87C-4A71-A4FD-0AD9D7316C7A}.Debug|Any CPU.Build.0 = Debug|Any CPU
		{D686E1EE-A87C-4A71-A4FD-0AD9D7316C7A}.Release|Any CPU.ActiveCfg = Release|Any CPU
		{D686E1EE-A87C-4A71-A4FD-0AD9D7316C7A}.Release|Any CPU.Build.0 = Release|Any CPU
	EndGlobalSection
	GlobalSection(SolutionProperties) = preSolution
		HideSolutionNode = FALSE
	EndGlobalSection
EndGlobal
